{
  "name": "backend",
  "version": "1.0.0",
  "lockfileVersion": 3,
  "requires": true,
  "packages": {
    "": {
      "name": "backend",
      "version": "1.0.0",
      "license": "ISC",
      "dependencies": {
        "dotenv": "^17.4.2"
      },
      "devDependencies": {
        "prisma": "5.3.1"
      }
    },
    "node_modules/@prisma/engines": {
      "version": "5.3.1",
      "resolved": "https://registry.npmjs.org/@prisma/engines/-/engines-5.3.1.tgz",
      "integrity": "sha512-6QkILNyfeeN67BNEPEtkgh3Xo2tm6D7V+UhrkBbRHqKw9CTaz/vvTP/ROwYSP/3JT2MtIutZm/EnhxUiuOPVDA==",
      "dev": true,
      "hasInstallScript": true,
      "license": "Apache-2.0"
    },
    "node_modules/dotenv": {
      "version": "17.4.2",
      "resolved": "https://registry.npmjs.org/dotenv/-/dotenv-17.4.2.tgz",
      "integrity": "sha512-nI4U3TottKAcAD9LLud4Cb7b2QztQMUEfHbvhTH09bqXTxnSie8WnjPALV/WMCrJZ6UV/qHJ6L03OqO3LcdYZw==",
      "license": "BSD-2-Clause",
      "engines": {
        "node": ">=12"
      },
      "funding": {
        "url": "https://dotenvx.com"
      }
    },
    "node_modules/prisma": {
      "version": "5.3.1",
      "resolved": "https://registry.npmjs.org/prisma/-/prisma-5.3.1.tgz",
      "integrity": "sha512-Wp2msQIlMPHe+5k5Od6xnsI/WNG7UJGgFUJgqv/ygc7kOECZapcSz/iU4NIEzISs3H1W9sFLjAPbg/gOqqtB7A==",
      "dev": true,
      "hasInstallScript": true,
      "license": "Apache-2.0",
      "dependencies": {
        "@prisma/engines": "5.3.1"
      },
      "bin": {
        "prisma": "build/index.js"
      },
      "engines": {
        "node": ">=16.13"
      }
    }
  }
}
